
Microsoft Visual Studio Solution File, Format Version 12.00
# Visual Studio Version 17
VisualStudioVersion = 17.9.34728.123
MinimumVisualStudioVersion = 10.0.40219.1
Project("{FAE04EC0-301F-11D3-BF4B-00C04F79EFBC}") = "PeliculasAPI", "PeliculasAPI\PeliculasAPI.csproj", "{5523801A-781C-4768-BF76-E710DE646C5E}"
EndProject
Global
	GlobalSection(SolutionConfigurationPlatforms) = preSolution
		Debug|Any CPU = Debug|Any CPU
		Release|Any CPU = Release|Any CPU
	EndGlobalSection
	GlobalSection(ProjectConfigurationPlatforms) = postSolution
		{5523801A-781C-4768-BF76-E710DE646C5E}.Debug|Any CPU.ActiveCfg = Debug|Any CPU
		{5523801A-781C-4768-BF76-E710DE646C5E}.Debug|Any CPU.Build.0 = Debug|Any CPU
		{5523801A-781C-4768-BF76-E710DE646C5E}.Release|Any CPU.ActiveCfg = Release|Any CPU
		{5523801A-781C-4768-BF76-E710DE646C5E}.Release|Any CPU.Build.0 = Release|Any CPU
	EndGlobalSection
	GlobalSection(SolutionProperties) = preSolution
		HideSolutionNode = FALSE
	EndGlobalSection
	GlobalSection(ExtensibilityGlobals) = postSolution
		SolutionGuid = {19B95BA2-FFB4-4025-AF64-52370F8D593D}
	EndGlobalSection
EndGlobal
